
Microsoft Visual Studio Solution File, Format Version 12.00
# Visual Studio 15
VisualStudioVersion = 15.0.28307.102
MinimumVisualStudioVersion = 10.0.40219.1
Project("{FAE04EC0-301F-11D3-BF4B-00C04F79EFBC}") = "CustomBrushes", "CustomBrushes\CustomBrushes.csproj", "{5107ABDA-5DF8-465F-97CA-94FECCAC4938}"
EndProject
Global
	GlobalSection(SolutionConfigurationPlatforms) = preSolution
		Debug|Any CPU = Debug|Any CPU
		Release|Any CPU = Release|Any CPU
	EndGlobalSection
	GlobalSection(ProjectConfigurationPlatforms) = postSolution
		{5107ABDA-5DF8-465F-97CA-94FECCAC4938}.Debug|Any CPU.ActiveCfg = Debug|Any CPU
		{5107ABDA-5DF8-465F-97CA-94FECCAC4938}.Debug|Any CPU.Build.0 = Debug|Any CPU
		{5107ABDA-5DF8-465F-97CA-94FECCAC4938}.Release|Any CPU.ActiveCfg = Release|Any CPU
		{5107ABDA-5DF8-465F-97CA-94FECCAC4938}.Release|Any CPU.Build.0 = Release|Any CPU
	EndGlobalSection
	GlobalSection(SolutionProperties) = preSolution
		HideSolutionNode = FALSE
	EndGlobalSection
	GlobalSection(ExtensibilityGlobals) = postSolution
		SolutionGuid = {59C775F1-9599-449B-A79E-2EB02190DC8A}
	EndGlobalSection
EndGlobal
